
Microsoft Visual Studio Solution File, Format Version 12.00
# Visual Studio Version 17
VisualStudioVersion = 17.7.34031.279
MinimumVisualStudioVersion = 10.0.40219.1
Project("{FAE04EC0-301F-11D3-BF4B-00C04F79EFBC}") = "KICS", "KICS.csproj", "{78B577F8-CB0F-44E1-8AF4-52238BFCDFF9}"
EndProject
Global
	GlobalSection(SolutionConfigurationPlatforms) = preSolution
		Debug|Any CPU = Debug|Any CPU
		Release|Any CPU = Release|Any CPU
	EndGlobalSection
	GlobalSection(ProjectConfigurationPlatforms) = postSolution
		{78B577F8-CB0F-44E1-8AF4-52238BFCDFF9}.Debug|Any CPU.ActiveCfg = Debug|Any CPU
		{78B577F8-CB0F-44E1-8AF4-52238BFCDFF9}.Debug|Any CPU.Build.0 = Debug|Any CPU
		{78B577F8-CB0F-44E1-8AF4-52238BFCDFF9}.Release|Any CPU.ActiveCfg = Release|Any CPU
		{78B577F8-CB0F-44E1-8AF4-52238BFCDFF9}.Release|Any CPU.Build.0 = Release|Any CPU
	EndGlobalSection
	GlobalSection(SolutionProperties) = preSolution
		HideSolutionNode = FALSE
	EndGlobalSection
	GlobalSection(ExtensibilityGlobals) = postSolution
		SolutionGuid = {0AD0F591-B7DF-4986-BB84-8826F63F7E27}
	EndGlobalSection
EndGlobal
